
Microsoft Visual Studio Solution File, Format Version 12.00
# Visual Studio Version 17
VisualStudioVersion = 17.0.31903.59
MinimumVisualStudioVersion = 10.0.40219.1
Project("{2150E333-8FDC-42A3-9474-1A3956D46DE8}") = "Rabbit", "Rabbit", "{BAD395EE-224F-4199-BA58-B1A5FA435D2D}"
EndProject
Project("{2150E333-8FDC-42A3-9474-1A3956D46DE8}") = "Éléments de solution", "Éléments de solution", "{21CF84EA-0C09-4836-9823-037AC4ECFB74}"
	ProjectSection(SolutionItems) = preProject
		docker-compose.yml = docker-compose.yml
	EndProjectSection
EndProject
Project("{FAE04EC0-301F-11D3-BF4B-00C04F79EFBC}") = "BuildingBlocks.Eventbus", "BuildingBlocks.Eventbus\BuildingBlocks.Eventbus.csproj", "{730A3AAE-CB21-4BF8-83A7-DC4899B5C724}"
EndProject
Project("{FAE04EC0-301F-11D3-BF4B-00C04F79EFBC}") = "BuildingBlokcs.RabbitMQ", "BuildingBlokcs.RabbitMQ\BuildingBlokcs.RabbitMQ.csproj", "{0202A063-BD9B-4928-999A-9ACF7AF4AE90}"
EndProject
Project("{2150E333-8FDC-42A3-9474-1A3956D46DE8}") = "Examples", "Examples", "{20AB1683-C26F-4808-AC94-AB713373B96E}"
EndProject
Project("{FAE04EC0-301F-11D3-BF4B-00C04F79EFBC}") = "Subscriber", "Example\Subscriber\Subscriber.csproj", "{1889BE93-867E-48A2-8FB9-94ECE82F6F7E}"
EndProject
Project("{FAE04EC0-301F-11D3-BF4B-00C04F79EFBC}") = "Publisher", "Example\Publisher\Publisher.csproj", "{C21E88E3-C4D4-4E3D-885F-CF26E120956E}"
EndProject
Global
	GlobalSection(SolutionConfigurationPlatforms) = preSolution
		Debug|Any CPU = Debug|Any CPU
		Release|Any CPU = Release|Any CPU
	EndGlobalSection
	GlobalSection(ProjectConfigurationPlatforms) = postSolution
		{730A3AAE-CB21-4BF8-83A7-DC4899B5C724}.Debug|Any CPU.ActiveCfg = Debug|Any CPU
		{730A3AAE-CB21-4BF8-83A7-DC4899B5C724}.Debug|Any CPU.Build.0 = Debug|Any CPU
		{730A3AAE-CB21-4BF8-83A7-DC4899B5C724}.Release|Any CPU.ActiveCfg = Release|Any CPU
		{730A3AAE-CB21-4BF8-83A7-DC4899B5C724}.Release|Any CPU.Build.0 = Release|Any CPU
		{0202A063-BD9B-4928-999A-9ACF7AF4AE90}.Debug|Any CPU.ActiveCfg = Debug|Any CPU
		{0202A063-BD9B-4928-999A-9ACF7AF4AE90}.Debug|Any CPU.Build.0 = Debug|Any CPU
		{0202A063-BD9B-4928-999A-9ACF7AF4AE90}.Release|Any CPU.ActiveCfg = Release|Any CPU
		{0202A063-BD9B-4928-999A-9ACF7AF4AE90}.Release|Any CPU.Build.0 = Release|Any CPU
		{1889BE93-867E-48A2-8FB9-94ECE82F6F7E}.Debug|Any CPU.ActiveCfg = Debug|Any CPU
		{1889BE93-867E-48A2-8FB9-94ECE82F6F7E}.Debug|Any CPU.Build.0 = Debug|Any CPU
		{1889BE93-867E-48A2-8FB9-94ECE82F6F7E}.Release|Any CPU.ActiveCfg = Release|Any CPU
		{1889BE93-867E-48A2-8FB9-94ECE82F6F7E}.Release|Any CPU.Build.0 = Release|Any CPU
		{C21E88E3-C4D4-4E3D-885F-CF26E120956E}.Debug|Any CPU.ActiveCfg = Debug|Any CPU
		{C21E88E3-C4D4-4E3D-885F-CF26E120956E}.Debug|Any CPU.Build.0 = Debug|Any CPU
		{C21E88E3-C4D4-4E3D-885F-CF26E120956E}.Release|Any CPU.ActiveCfg = Release|Any CPU
		{C21E88E3-C4D4-4E3D-885F-CF26E120956E}.Release|Any CPU.Build.0 = Release|Any CPU
	EndGlobalSection
	GlobalSection(SolutionProperties) = preSolution
		HideSolutionNode = FALSE
	EndGlobalSection
	GlobalSection(NestedProjects) = preSolution
		{730A3AAE-CB21-4BF8-83A7-DC4899B5C724} = {BAD395EE-224F-4199-BA58-B1A5FA435D2D}
		{0202A063-BD9B-4928-999A-9ACF7AF4AE90} = {BAD395EE-224F-4199-BA58-B1A5FA435D2D}
		{1889BE93-867E-48A2-8FB9-94ECE82F6F7E} = {20AB1683-C26F-4808-AC94-AB713373B96E}
		{C21E88E3-C4D4-4E3D-885F-CF26E120956E} = {20AB1683-C26F-4808-AC94-AB713373B96E}
	EndGlobalSection
EndGlobal
